
Microsoft Visual Studio Solution File, Format Version 12.00
# Visual Studio Version 17
VisualStudioVersion = 17.0.32112.339
MinimumVisualStudioVersion = 10.0.40219.1
Project("{888888A0-9F3D-457C-B088-3A5042F75D52}") = "Coursework_program", "Coursework_program.pyproj", "{79996CAF-0F3C-4220-BA84-3899113BBA5F}"
EndProject
Global
	GlobalSection(SolutionConfigurationPlatforms) = preSolution
		Debug|Any CPU = Debug|Any CPU
		Release|Any CPU = Release|Any CPU
	EndGlobalSection
	GlobalSection(ProjectConfigurationPlatforms) = postSolution
		{79996CAF-0F3C-4220-BA84-3899113BBA5F}.Debug|Any CPU.ActiveCfg = Debug|Any CPU
		{79996CAF-0F3C-4220-BA84-3899113BBA5F}.Release|Any CPU.ActiveCfg = Release|Any CPU
	EndGlobalSection
	GlobalSection(SolutionProperties) = preSolution
		HideSolutionNode = FALSE
	EndGlobalSection
	GlobalSection(ExtensibilityGlobals) = postSolution
		SolutionGuid = {5F35830E-555F-4C84-99FD-FD2F83C43516}
	EndGlobalSection
EndGlobal
